
Microsoft Visual Studio Solution File, Format Version 12.00
# Visual Studio Version 17
VisualStudioVersion = 17.3.32922.545
MinimumVisualStudioVersion = 10.0.40219.1
Project("{9A19103F-16F7-4668-BE54-9A1E7A4F7556}") = "CacheLib", "CacheLib\CacheLib.csproj", "{13CAD466-071F-4351-A615-B8D00F04C7C3}"
EndProject
Project("{9A19103F-16F7-4668-BE54-9A1E7A4F7556}") = "CacheTest", "CacheTest\CacheTest.csproj", "{8FC8201B-A39C-4409-B894-4D825CA19D83}"
EndProject
Global
	GlobalSection(SolutionConfigurationPlatforms) = preSolution
		Debug|Any CPU = Debug|Any CPU
		Release|Any CPU = Release|Any CPU
	EndGlobalSection
	GlobalSection(ProjectConfigurationPlatforms) = postSolution
		{13CAD466-071F-4351-A615-B8D00F04C7C3}.Debug|Any CPU.ActiveCfg = Debug|Any CPU
		{13CAD466-071F-4351-A615-B8D00F04C7C3}.Debug|Any CPU.Build.0 = Debug|Any CPU
		{13CAD466-071F-4351-A615-B8D00F04C7C3}.Release|Any CPU.ActiveCfg = Release|Any CPU
		{13CAD466-071F-4351-A615-B8D00F04C7C3}.Release|Any CPU.Build.0 = Release|Any CPU
		{8FC8201B-A39C-4409-B894-4D825CA19D83}.Debug|Any CPU.ActiveCfg = Debug|Any CPU
		{8FC8201B-A39C-4409-B894-4D825CA19D83}.Debug|Any CPU.Build.0 = Debug|Any CPU
		{8FC8201B-A39C-4409-B894-4D825CA19D83}.Release|Any CPU.ActiveCfg = Release|Any CPU
		{8FC8201B-A39C-4409-B894-4D825CA19D83}.Release|Any CPU.Build.0 = Release|Any CPU
	EndGlobalSection
	GlobalSection(SolutionProperties) = preSolution
		HideSolutionNode = FALSE
	EndGlobalSection
	GlobalSection(ExtensibilityGlobals) = postSolution
		SolutionGuid = {43B5D503-5782-489F-9E1B-BC6C0DFA119D}
	EndGlobalSection
EndGlobal
